lockfileVersion: 5.3

specifiers:
  esbuild: ^0.12.25
  hyperapp: ^1.2.9
  watchlist: ^0.3.1

dependencies:
  hyperapp: 1.2.10

devDependencies:
  esbuild: 0.12.25
  watchlist: 0.3.1

packages:

  /esbuild/0.12.25:
    resolution: {integrity: sha512-woie0PosbRSoN8gQytrdCzUbS2ByKgO8nD1xCZkEup3D9q92miCze4PqEI9TZDYAuwn6CruEnQpJxgTRWdooAg==}
    hasBin: true
    requiresBuild: true
    dev: true

  /hyperapp/1.2.10:
    resolution: {integrity: sha512-6htzCy/Y9QiSXyUGgZhfTqW0NtK7uMlaGS2t/kARJifu5vR4FjMcfC/5lqVs2mLSZ6GdKLEPsMZOVBpHz5X/qg==}
    deprecated: The Times They Are a-Changin. Please upgrade to Hyperapp 2
    dev: false

  /mri/1.1.6:
    resolution: {integrity: sha512-oi1b3MfbyGa7FJMP9GmLTttni5JoICpYBRlq+x5V16fZbLsnL9N3wFqqIm/nIG43FjUFkFh9Epzp/kzUGUnJxQ==}
    engines: {node: '>=4'}
    dev: true

  /watchlist/0.3.1:
    resolution: {integrity: sha512-m5r4bzxJ9eg07TT/O0Q49imFPD45ZTuQ3kaHwSpUJj1QwVd3pzit4UYOmySdmAP5Egkz6mB6hcAPuPfhIbNo0g==}
    engines: {node: '>=8'}
    hasBin: true
    dependencies:
      mri: 1.1.6
    dev: true
