lockfileVersion: 5.3

specifiers:
  esbuild: ^0.12.25
  hyperapp: ^1.2.9

dependencies:
  hyperapp: 1.2.10

devDependencies:
  esbuild: 0.12.25

packages:

  /esbuild/0.12.25:
    resolution: {integrity: sha512-woie0PosbRSoN8gQytrdCzUbS2ByKgO8nD1xCZkEup3D9q92miCze4PqEI9TZDYAuwn6CruEnQpJxgTRWdooAg==}
    hasBin: true
    requiresBuild: true
    dev: true

  /hyperapp/1.2.10:
    resolution: {integrity: sha512-6htzCy/Y9QiSXyUGgZhfTqW0NtK7uMlaGS2t/kARJifu5vR4FjMcfC/5lqVs2mLSZ6GdKLEPsMZOVBpHz5X/qg==}
    deprecated: The Times They Are a-Changin. Please upgrade to Hyperapp 2
    dev: false
