lockfileVersion: 5.4

specifiers:
  esbuild: 0.17.3
  servbot: 0.2.6
  umai: 0.1.4

dependencies:
  umai: 0.1.4

devDependencies:
  esbuild: 0.17.3
  servbot: 0.2.6

packages:

  /@esbuild/android-arm/0.17.3:
    resolution: {integrity: sha512-1Mlz934GvbgdDmt26rTLmf03cAgLg5HyOgJN+ZGCeP3Q9ynYTNMn2/LQxIl7Uy+o4K6Rfi2OuLsr12JQQR8gNg==}
    engines: {node: '>=12'}
    cpu: [arm]
    os: [android]
    requiresBuild: true
    dev: true
    optional: true

  /@esbuild/android-arm64/0.17.3:
    resolution: {integrity: sha512-XvJsYo3dO3Pi4kpalkyMvfQsjxPWHYjoX4MDiB/FUM4YMfWcXa5l4VCwFWVYI1+92yxqjuqrhNg0CZg3gSouyQ==}
    engines: {node: '>=12'}
    cpu: [arm64]
    os: [android]
    requiresBuild: true
    dev: true
    optional: true

  /@esbuild/android-x64/0.17.3:
    resolution: {integrity: sha512-nuV2CmLS07Gqh5/GrZLuqkU9Bm6H6vcCspM+zjp9TdQlxJtIe+qqEXQChmfc7nWdyr/yz3h45Utk1tUn8Cz5+A==}
    engines: {node: '>=12'}
    cpu: [x64]
    os: [android]
    requiresBuild: true
    dev: true
    optional: true

  /@esbuild/darwin-arm64/0.17.3:
    resolution: {integrity: sha512-01Hxaaat6m0Xp9AXGM8mjFtqqwDjzlMP0eQq9zll9U85ttVALGCGDuEvra5Feu/NbP5AEP1MaopPwzsTcUq1cw==}
    engines: {node: '>=12'}
    cpu: [arm64]
    os: [darwin]
    requiresBuild: true
    dev: true
    optional: true

  /@esbuild/darwin-x64/0.17.3:
    resolution: {integrity: sha512-Eo2gq0Q/er2muf8Z83X21UFoB7EU6/m3GNKvrhACJkjVThd0uA+8RfKpfNhuMCl1bKRfBzKOk6xaYKQZ4lZqvA==}
    engines: {node: '>=12'}
    cpu: [x64]
    os: [darwin]
    requiresBuild: true
    dev: true
    optional: true

  /@esbuild/freebsd-arm64/0.17.3:
    resolution: {integrity: sha512-CN62ESxaquP61n1ZjQP/jZte8CE09M6kNn3baos2SeUfdVBkWN5n6vGp2iKyb/bm/x4JQzEvJgRHLGd5F5b81w==}
    engines: {node: '>=12'}
    cpu: [arm64]
    os: [freebsd]
    requiresBuild: true
    dev: true
    optional: true

  /@esbuild/freebsd-x64/0.17.3:
    resolution: {integrity: sha512-feq+K8TxIznZE+zhdVurF3WNJ/Sa35dQNYbaqM/wsCbWdzXr5lyq+AaTUSER2cUR+SXPnd/EY75EPRjf4s1SLg==}
    engines: {node: '>=12'}
    cpu: [x64]
    os: [freebsd]
    requiresBuild: true
    dev: true
    optional: true

  /@esbuild/linux-arm/0.17.3:
    resolution: {integrity: sha512-CLP3EgyNuPcg2cshbwkqYy5bbAgK+VhyfMU7oIYyn+x4Y67xb5C5ylxsNUjRmr8BX+MW3YhVNm6Lq6FKtRTWHQ==}
    engines: {node: '>=12'}
    cpu: [arm]
    os: [linux]
    requiresBuild: true
    dev: true
    optional: true

  /@esbuild/linux-arm64/0.17.3:
    resolution: {integrity: sha512-JHeZXD4auLYBnrKn6JYJ0o5nWJI9PhChA/Nt0G4MvLaMrvXuWnY93R3a7PiXeJQphpL1nYsaMcoV2QtuvRnF/g==}
    engines: {node: '>=12'}
    cpu: [arm64]
    os: [linux]
    requiresBuild: true
    dev: true
    optional: true

  /@esbuild/linux-ia32/0.17.3:
    resolution: {integrity: sha512-FyXlD2ZjZqTFh0sOQxFDiWG1uQUEOLbEh9gKN/7pFxck5Vw0qjWSDqbn6C10GAa1rXJpwsntHcmLqydY9ST9ZA==}
    engines: {node: '>=12'}
    cpu: [ia32]
    os: [linux]
    requiresBuild: true
    dev: true
    optional: true

  /@esbuild/linux-loong64/0.17.3:
    resolution: {integrity: sha512-OrDGMvDBI2g7s04J8dh8/I7eSO+/E7nMDT2Z5IruBfUO/RiigF1OF6xoH33Dn4W/OwAWSUf1s2nXamb28ZklTA==}
    engines: {node: '>=12'}
    cpu: [loong64]
    os: [linux]
    requiresBuild: true
    dev: true
    optional: true

  /@esbuild/linux-mips64el/0.17.3:
    resolution: {integrity: sha512-DcnUpXnVCJvmv0TzuLwKBC2nsQHle8EIiAJiJ+PipEVC16wHXaPEKP0EqN8WnBe0TPvMITOUlP2aiL5YMld+CQ==}
    engines: {node: '>=12'}
    cpu: [mips64el]
    os: [linux]
    requiresBuild: true
    dev: true
    optional: true

  /@esbuild/linux-ppc64/0.17.3:
    resolution: {integrity: sha512-BDYf/l1WVhWE+FHAW3FzZPtVlk9QsrwsxGzABmN4g8bTjmhazsId3h127pliDRRu5674k1Y2RWejbpN46N9ZhQ==}
    engines: {node: '>=12'}
    cpu: [ppc64]
    os: [linux]
    requiresBuild: true
    dev: true
    optional: true

  /@esbuild/linux-riscv64/0.17.3:
    resolution: {integrity: sha512-WViAxWYMRIi+prTJTyV1wnqd2mS2cPqJlN85oscVhXdb/ZTFJdrpaqm/uDsZPGKHtbg5TuRX/ymKdOSk41YZow==}
    engines: {node: '>=12'}
    cpu: [riscv64]
    os: [linux]
    requiresBuild: true
    dev: true
    optional: true

  /@esbuild/linux-s390x/0.17.3:
    resolution: {integrity: sha512-Iw8lkNHUC4oGP1O/KhumcVy77u2s6+KUjieUqzEU3XuWJqZ+AY7uVMrrCbAiwWTkpQHkr00BuXH5RpC6Sb/7Ug==}
    engines: {node: '>=12'}
    cpu: [s390x]
    os: [linux]
    requiresBuild: true
    dev: true
    optional: true

  /@esbuild/linux-x64/0.17.3:
    resolution: {integrity: sha512-0AGkWQMzeoeAtXQRNB3s4J1/T2XbigM2/Mn2yU1tQSmQRmHIZdkGbVq2A3aDdNslPyhb9/lH0S5GMTZ4xsjBqg==}
    engines: {node: '>=12'}
    cpu: [x64]
    os: [linux]
    requiresBuild: true
    dev: true
    optional: true

  /@esbuild/netbsd-x64/0.17.3:
    resolution: {integrity: sha512-4+rR/WHOxIVh53UIQIICryjdoKdHsFZFD4zLSonJ9RRw7bhKzVyXbnRPsWSfwybYqw9sB7ots/SYyufL1mBpEg==}
    engines: {node: '>=12'}
    cpu: [x64]
    os: [netbsd]
    requiresBuild: true
    dev: true
    optional: true

  /@esbuild/openbsd-x64/0.17.3:
    resolution: {integrity: sha512-cVpWnkx9IYg99EjGxa5Gc0XmqumtAwK3aoz7O4Dii2vko+qXbkHoujWA68cqXjhh6TsLaQelfDO4MVnyr+ODeA==}
    engines: {node: '>=12'}
    cpu: [x64]
    os: [openbsd]
    requiresBuild: true
    dev: true
    optional: true

  /@esbuild/sunos-x64/0.17.3:
    resolution: {integrity: sha512-RxmhKLbTCDAY2xOfrww6ieIZkZF+KBqG7S2Ako2SljKXRFi+0863PspK74QQ7JpmWwncChY25JTJSbVBYGQk2Q==}
    engines: {node: '>=12'}
    cpu: [x64]
    os: [sunos]
    requiresBuild: true
    dev: true
    optional: true

  /@esbuild/win32-arm64/0.17.3:
    resolution: {integrity: sha512-0r36VeEJ4efwmofxVJRXDjVRP2jTmv877zc+i+Pc7MNsIr38NfsjkQj23AfF7l0WbB+RQ7VUb+LDiqC/KY/M/A==}
    engines: {node: '>=12'}
    cpu: [arm64]
    os: [win32]
    requiresBuild: true
    dev: true
    optional: true

  /@esbuild/win32-ia32/0.17.3:
    resolution: {integrity: sha512-wgO6rc7uGStH22nur4aLFcq7Wh86bE9cOFmfTr/yxN3BXvDEdCSXyKkO+U5JIt53eTOgC47v9k/C1bITWL/Teg==}
    engines: {node: '>=12'}
    cpu: [ia32]
    os: [win32]
    requiresBuild: true
    dev: true
    optional: true

  /@esbuild/win32-x64/0.17.3:
    resolution: {integrity: sha512-FdVl64OIuiKjgXBjwZaJLKp0eaEckifbhn10dXWhysMJkWblg3OEEGKSIyhiD5RSgAya8WzP3DNkngtIg3Nt7g==}
    engines: {node: '>=12'}
    cpu: [x64]
    os: [win32]
    requiresBuild: true
    dev: true
    optional: true

  /esbuild/0.17.3:
    resolution: {integrity: sha512-9n3AsBRe6sIyOc6kmoXg2ypCLgf3eZSraWFRpnkto+svt8cZNuKTkb1bhQcitBcvIqjNiK7K0J3KPmwGSfkA8g==}
    engines: {node: '>=12'}
    hasBin: true
    requiresBuild: true
    optionalDependencies:
      '@esbuild/android-arm': 0.17.3
      '@esbuild/android-arm64': 0.17.3
      '@esbuild/android-x64': 0.17.3
      '@esbuild/darwin-arm64': 0.17.3
      '@esbuild/darwin-x64': 0.17.3
      '@esbuild/freebsd-arm64': 0.17.3
      '@esbuild/freebsd-x64': 0.17.3
      '@esbuild/linux-arm': 0.17.3
      '@esbuild/linux-arm64': 0.17.3
      '@esbuild/linux-ia32': 0.17.3
      '@esbuild/linux-loong64': 0.17.3
      '@esbuild/linux-mips64el': 0.17.3
      '@esbuild/linux-ppc64': 0.17.3
      '@esbuild/linux-riscv64': 0.17.3
      '@esbuild/linux-s390x': 0.17.3
      '@esbuild/linux-x64': 0.17.3
      '@esbuild/netbsd-x64': 0.17.3
      '@esbuild/openbsd-x64': 0.17.3
      '@esbuild/sunos-x64': 0.17.3
      '@esbuild/win32-arm64': 0.17.3
      '@esbuild/win32-ia32': 0.17.3
      '@esbuild/win32-x64': 0.17.3
    dev: true

  /servbot/0.2.6:
    resolution: {integrity: sha512-55bZvh2CAEJwV7I2NvJZv+FWKD+3s5RqDpengAIUCQuUll64vymKSnGl2phoxZBBPJfS83Ttax5qTHaetboY7Q==}
    engines: {node: '>=12.x', pnpm: 7.x}
    dev: true

  /umai/0.1.4:
    resolution: {integrity: sha512-oBxwlTusXsOwjsIp9b2UNu8EtPzpNt32dKKkLZCFxvfLz1AstvNqtadlHsGJZi0vGbU0KMshHmvaO8SBLy0UIw==}
    engines: {node: '>=12.x'}
    dev: false
