# THIS IS AN AUTOGENERATED FILE. DO NOT EDIT THIS FILE DIRECTLY.
# yarn lockfile v1


"@types/estree@0.0.39":
  version "0.0.39"
  resolved "https://registry.yarnpkg.com/@types/estree/-/estree-0.0.39.tgz#e177e699ee1b8c22d23174caaa7422644389509f"
  integrity sha512-EYNwp3bU+98cpU4lAWYYL7Zz+2gryWH1qbdDTidVd6hkiR6weksdbMadyXKXNPEkQFhXM+hVO9ZygomHXp+AIw==

"@types/node@*":
  version "14.6.2"
  resolved "https://registry.yarnpkg.com/@types/node/-/node-14.6.2.tgz#264b44c5a28dfa80198fc2f7b6d3c8a054b9491f"
  integrity sha512-onlIwbaeqvZyniGPfdw/TEhKIh79pz66L1q06WUQqJLnAb6wbjvOtepLYTGHTqzdXgBYIE3ZdmqHDGsRsbBz7A==

acorn-dynamic-import@^4.0.0:
  version "4.0.0"
  resolved "https://registry.yarnpkg.com/acorn-dynamic-import/-/acorn-dynamic-import-4.0.0.tgz#482210140582a36b83c3e342e1cfebcaa9240948"
  integrity sha512-d3OEjQV4ROpoflsnUA8HozoIR504TFxNivYEUi6uwz0IYhBkTDXGuWlNdMtybRt3nqVx/L6XqMt0FxkXuWKZhw==

acorn-jsx@^5.0.1:
  version "5.2.0"
  resolved "https://registry.yarnpkg.com/acorn-jsx/-/acorn-jsx-5.2.0.tgz#4c66069173d6fdd68ed85239fc256226182b2ebe"
  integrity sha512-HiUX/+K2YpkpJ+SzBffkM/AQ2YE03S0U1kjTLVpoJdhZMOWy8qvXVN9JdLqv2QsaQ6MPYQIuNmwD8zOiYUofLQ==

acorn@^6.1.1:
  version "6.4.1"
  resolved "https://registry.yarnpkg.com/acorn/-/acorn-6.4.1.tgz#531e58ba3f51b9dacb9a6646ca4debf5b14ca474"
  integrity sha512-ZVA9k326Nwrj3Cj9jlh3wGFutC2ZornPNARZwsNYqQYgN0EsV2d53w5RN/co65Ohn4sUAUtb1rSUAOD6XN9idA==

ansi-styles@^3.2.1:
  version "3.2.1"
  resolved "https://registry.yarnpkg.com/ansi-styles/-/ansi-styles-3.2.1.tgz#41fbb20243e50b12be0f04b8dedbf07520ce841d"
  integrity sha512-VT0ZI6kZRdTh8YyJw3SMbYm/u+NqfsAxEpWO0Pf9sq8/e94WxxOpPKx9FR1FlyCtOVDNOQ+8ntlqFxiRc+r5qA==
  dependencies:
    color-convert "^1.9.0"

buble@^0.19.8:
  version "0.19.8"
  resolved "https://registry.yarnpkg.com/buble/-/buble-0.19.8.tgz#d642f0081afab66dccd897d7b6360d94030b9d3d"
  integrity sha512-IoGZzrUTY5fKXVkgGHw3QeXFMUNBFv+9l8a4QJKG1JhG3nCMHTdEX1DCOg8568E2Q9qvAQIiSokv6Jsgx8p2cA==
  dependencies:
    acorn "^6.1.1"
    acorn-dynamic-import "^4.0.0"
    acorn-jsx "^5.0.1"
    chalk "^2.4.2"
    magic-string "^0.25.3"
    minimist "^1.2.0"
    os-homedir "^2.0.0"
    regexpu-core "^4.5.4"

builtin-modules@^2.0.0:
  version "2.0.0"
  resolved "https://registry.yarnpkg.com/builtin-modules/-/builtin-modules-2.0.0.tgz#60b7ef5ae6546bd7deefa74b08b62a43a232648e"
  integrity sha512-3U5kUA5VPsRUA3nofm/BXX7GVHKfxz0hOBAPxXrIvHzlDRkQVqEn6yi8QJegxl4LzOHLdvb7XF5dVawa/VVYBg==

chalk@^2.4.2:
  version "2.4.2"
  resolved "https://registry.yarnpkg.com/chalk/-/chalk-2.4.2.tgz#cd42541677a54333cf541a49108c1432b44c9424"
  integrity sha512-Mti+f9lpJNcwF4tWV8/OrTTtF1gZi+f8FqlyAdouralcFWFQWF2+NgCHShjkCb+IFBLq9buZwE1xckQU4peSuQ==
  dependencies:
    ansi-styles "^3.2.1"
    escape-string-regexp "^1.0.5"
    supports-color "^5.3.0"

color-convert@^1.9.0:
  version "1.9.3"
  resolved "https://registry.yarnpkg.com/color-convert/-/color-convert-1.9.3.tgz#bb71850690e1f136567de629d2d5471deda4c1e8"
  integrity sha512-QfAUtd+vFdAtFQcC8CCyYt1fYWxSqAiK2cSD6zDB8N3cpsEBAvRxp9zOGg6G/SHHJYAT88/az/IuDGALsNVbGg==
  dependencies:
    color-name "1.1.3"

color-name@1.1.3:
  version "1.1.3"
  resolved "https://registry.yarnpkg.com/color-name/-/color-name-1.1.3.tgz#a7d0558bd89c42f795dd42328f740831ca53bc25"
  integrity sha1-p9BVi9icQveV3UIyj3QIMcpTvCU=

escape-string-regexp@^1.0.5:
  version "1.0.5"
  resolved "https://registry.yarnpkg.com/escape-string-regexp/-/escape-string-regexp-1.0.5.tgz#1b61c0562190a8dff6ae3bb2cf0200ca130b86d4"
  integrity sha1-G2HAViGQqN/2rjuyzwIAyhMLhtQ=

estree-walker@^0.6.0, estree-walker@^0.6.1:
  version "0.6.1"
  resolved "https://registry.yarnpkg.com/estree-walker/-/estree-walker-0.6.1.tgz#53049143f40c6eb918b23671d1fe3219f3a1b362"
  integrity sha512-SqmZANLWS0mnatqbSfRP5g8OXZC12Fgg1IwNtLsyHDzJizORW4khDfjPqJZsemPWBB2uqykUah5YpQ6epsqC/w==

has-flag@^3.0.0:
  version "3.0.0"
  resolved "https://registry.yarnpkg.com/has-flag/-/has-flag-3.0.0.tgz#b5d454dc2199ae225699f3467e5a07f3b955bafd"
  integrity sha1-tdRU3CGZriJWmfNGfloH87lVuv0=

hyperapp@^1.2.9:
  version "1.2.10"
  resolved "https://registry.yarnpkg.com/hyperapp/-/hyperapp-1.2.10.tgz#2198d71047ac5c7e7a801036f3e80d64dbe64ad1"
  integrity sha512-6htzCy/Y9QiSXyUGgZhfTqW0NtK7uMlaGS2t/kARJifu5vR4FjMcfC/5lqVs2mLSZ6GdKLEPsMZOVBpHz5X/qg==

is-module@^1.0.0:
  version "1.0.0"
  resolved "https://registry.yarnpkg.com/is-module/-/is-module-1.0.0.tgz#3258fb69f78c14d5b815d664336b4cffb6441591"
  integrity sha1-Mlj7afeMFNW4FdZkM2tM/7ZEFZE=

jsesc@~0.5.0:
  version "0.5.0"
  resolved "https://registry.yarnpkg.com/jsesc/-/jsesc-0.5.0.tgz#e7dee66e35d6fc16f710fe91d5cf69f70f08911d"
  integrity sha1-597mbjXW/Bb3EP6R1c9p9w8IkR0=

magic-string@^0.25.0, magic-string@^0.25.2, magic-string@^0.25.3:
  version "0.25.7"
  resolved "https://registry.yarnpkg.com/magic-string/-/magic-string-0.25.7.tgz#3f497d6fd34c669c6798dcb821f2ef31f5445051"
  integrity sha512-4CrMT5DOHTDk4HYDlzmwu4FVCcIYI8gauveasrdCu2IKIFOJ3f0v/8MDGJCDL9oD2ppz/Av1b0Nj345H9M+XIA==
  dependencies:
    sourcemap-codec "^1.4.4"

minimist@^1.2.0:
  version "1.2.5"
  resolved "https://registry.yarnpkg.com/minimist/-/minimist-1.2.5.tgz#67d66014b66a6a8aaa0c083c5fd58df4e4e97602"
  integrity sha512-FM9nNUYrRBAELZQT3xeZQ7fmMOBg6nWNmJKTcgsJeaLstP/UODVpGsr5OhXhhXg6f+qtJ8uiZ+PUxkDWcgIXLw==

os-homedir@^2.0.0:
  version "2.0.0"
  resolved "https://registry.yarnpkg.com/os-homedir/-/os-homedir-2.0.0.tgz#a0c76bb001a8392a503cbd46e7e650b3423a923c"
  integrity sha512-saRNz0DSC5C/I++gFIaJTXoFJMRwiP5zHar5vV3xQ2TkgEw6hDCcU5F272JjUylpiVgBrZNQHnfjkLabTfb92Q==

path-parse@^1.0.6:
  version "1.0.7"
  resolved "https://registry.yarnpkg.com/path-parse/-/path-parse-1.0.7.tgz#fbc114b60ca42b30d9daf5858e4bd68bbedb6735"
  integrity sha512-LDJzPVEEEPR+y48z93A0Ed0yXb8pAByGWo/k5YYdYgpY2/2EsOsksJrq7lOHxryrVOn1ejG6oAp8ahvOIQD8sw==

regenerate-unicode-properties@^8.2.0:
  version "8.2.0"
  resolved "https://registry.yarnpkg.com/regenerate-unicode-properties/-/regenerate-unicode-properties-8.2.0.tgz#e5de7111d655e7ba60c057dbe9ff37c87e65cdec"
  integrity sha512-F9DjY1vKLo/tPePDycuH3dn9H1OTPIkVD9Kz4LODu+F2C75mgjAJ7x/gwy6ZcSNRAAkhNlJSOHRe8k3p+K9WhA==
  dependencies:
    regenerate "^1.4.0"

regenerate@^1.4.0:
  version "1.4.1"
  resolved "https://registry.yarnpkg.com/regenerate/-/regenerate-1.4.1.tgz#cad92ad8e6b591773485fbe05a485caf4f457e6f"
  integrity sha512-j2+C8+NtXQgEKWk49MMP5P/u2GhnahTtVkRIHr5R5lVRlbKvmQ+oS+A5aLKWp2ma5VkT8sh6v+v4hbH0YHR66A==

regexpu-core@^4.5.4:
  version "4.7.0"
  resolved "https://registry.yarnpkg.com/regexpu-core/-/regexpu-core-4.7.0.tgz#fcbf458c50431b0bb7b45d6967b8192d91f3d938"
  integrity sha512-TQ4KXRnIn6tz6tjnrXEkD/sshygKH/j5KzK86X8MkeHyZ8qst/LZ89j3X4/8HEIfHANTFIP/AbXakeRhWIl5YQ==
  dependencies:
    regenerate "^1.4.0"
    regenerate-unicode-properties "^8.2.0"
    regjsgen "^0.5.1"
    regjsparser "^0.6.4"
    unicode-match-property-ecmascript "^1.0.4"
    unicode-match-property-value-ecmascript "^1.2.0"

regjsgen@^0.5.1:
  version "0.5.2"
  resolved "https://registry.yarnpkg.com/regjsgen/-/regjsgen-0.5.2.tgz#92ff295fb1deecbf6ecdab2543d207e91aa33733"
  integrity sha512-OFFT3MfrH90xIW8OOSyUrk6QHD5E9JOTeGodiJeBS3J6IwlgzJMNE/1bZklWz5oTg+9dCMyEetclvCVXOPoN3A==

regjsparser@^0.6.4:
  version "0.6.4"
  resolved "https://registry.yarnpkg.com/regjsparser/-/regjsparser-0.6.4.tgz#a769f8684308401a66e9b529d2436ff4d0666272"
  integrity sha512-64O87/dPDgfk8/RQqC4gkZoGyyWFIEUTTh80CU6CWuK5vkCGyekIx+oKcEIYtP/RAxSQltCZHCNu/mdd7fqlJw==
  dependencies:
    jsesc "~0.5.0"

resolve@^1.1.6, resolve@^1.10.0:
  version "1.17.0"
  resolved "https://registry.yarnpkg.com/resolve/-/resolve-1.17.0.tgz#b25941b54968231cc2d1bb76a79cb7f2c0bf8444"
  integrity sha512-ic+7JYiV8Vi2yzQGFWOkiZD5Z9z7O2Zhm9XMaTxdJExKasieFCr+yXZ/WmXsckHiKl12ar0y6XiXDx3m4RHn1w==
  dependencies:
    path-parse "^1.0.6"

rollup-plugin-alias@^1.4.0:
  version "1.5.2"
  resolved "https://registry.yarnpkg.com/rollup-plugin-alias/-/rollup-plugin-alias-1.5.2.tgz#f15a1cc8ee0debf74ab5c2bb68a944a66b568411"
  integrity sha512-ODeZXhTxpD48sfcYLAFc1BGrsXKDj7o1CSNH3uYbdK3o0NxyMmaQPTNgW+ko+am92DLC8QSTe4kyxTuEkI5S5w==
  dependencies:
    slash "^3.0.0"

rollup-plugin-buble@^0.19.2:
  version "0.19.8"
  resolved "https://registry.yarnpkg.com/rollup-plugin-buble/-/rollup-plugin-buble-0.19.8.tgz#f9232e2bb62a7573d04f9705c1bd6f02c2a02c6a"
  integrity sha512-8J4zPk2DQdk3rxeZvxgzhHh/rm5nJkjwgcsUYisCQg1QbT5yagW+hehYEW7ZNns/NVbDCTv4JQ7h4fC8qKGOKw==
  dependencies:
    buble "^0.19.8"
    rollup-pluginutils "^2.3.3"

rollup-plugin-commonjs@^9.1.6:
  version "9.3.4"
  resolved "https://registry.yarnpkg.com/rollup-plugin-commonjs/-/rollup-plugin-commonjs-9.3.4.tgz#2b3dddbbbded83d45c36ff101cdd29e924fd23bc"
  integrity sha512-DTZOvRoiVIHHLFBCL4pFxOaJt8pagxsVldEXBOn6wl3/V21wVaj17HFfyzTsQUuou3sZL3lEJZVWKPFblJfI6w==
  dependencies:
    estree-walker "^0.6.0"
    magic-string "^0.25.2"
    resolve "^1.10.0"
    rollup-pluginutils "^2.6.0"

rollup-plugin-json@^3.0.0:
  version "3.1.0"
  resolved "https://registry.yarnpkg.com/rollup-plugin-json/-/rollup-plugin-json-3.1.0.tgz#7c1daf60c46bc21021ea016bd00863561a03321b"
  integrity sha512-BlYk5VspvGpjz7lAwArVzBXR60JK+4EKtPkCHouAWg39obk9S61hZYJDBfMK+oitPdoe11i69TlxKlMQNFC/Uw==
  dependencies:
    rollup-pluginutils "^2.3.1"

rollup-plugin-node-resolve@^3.4.0:
  version "3.4.0"
  resolved "https://registry.yarnpkg.com/rollup-plugin-node-resolve/-/rollup-plugin-node-resolve-3.4.0.tgz#908585eda12e393caac7498715a01e08606abc89"
  integrity sha512-PJcd85dxfSBWih84ozRtBkB731OjXk0KnzN0oGp7WOWcarAFkVa71cV5hTJg2qpVsV2U8EUwrzHP3tvy9vS3qg==
  dependencies:
    builtin-modules "^2.0.0"
    is-module "^1.0.0"
    resolve "^1.1.6"

rollup-pluginutils@^2.3.1, rollup-pluginutils@^2.3.3, rollup-pluginutils@^2.6.0:
  version "2.8.2"
  resolved "https://registry.yarnpkg.com/rollup-pluginutils/-/rollup-pluginutils-2.8.2.tgz#72f2af0748b592364dbd3389e600e5a9444a351e"
  integrity sha512-EEp9NhnUkwY8aif6bxgovPHMoMoNr2FulJziTndpt5H9RdwC47GSGuII9XxpSdzVGM0GWrNPHV6ie1LTNJPaLQ==
  dependencies:
    estree-walker "^0.6.1"

rollup@^0.65.2:
  version "0.65.2"
  resolved "https://registry.yarnpkg.com/rollup/-/rollup-0.65.2.tgz#e1532e3c1a2e102c89d99289a184fcbbc7cd4b4a"
  integrity sha512-BbXOrpxVbx0MpElI6vVLR2B6vnWHvYU/QAMw3GcEXvs601bvgrozuaW30cnvt43B96a6DeoYA0i9T5THanN+Rw==
  dependencies:
    "@types/estree" "0.0.39"
    "@types/node" "*"

slash@^3.0.0:
  version "3.0.0"
  resolved "https://registry.yarnpkg.com/slash/-/slash-3.0.0.tgz#6539be870c165adbd5240220dbe361f1bc4d4634"
  integrity sha512-g9Q1haeby36OSStwb4ntCGGGaKsaVSjQ68fBxoQcutl5fS1vuY18H3wSt3jFyFtrkx+Kz0V1G85A4MyAdDMi2Q==

sourcemap-codec@^1.4.4:
  version "1.4.8"
  resolved "https://registry.yarnpkg.com/sourcemap-codec/-/sourcemap-codec-1.4.8.tgz#ea804bd94857402e6992d05a38ef1ae35a9ab4c4"
  integrity sha512-9NykojV5Uih4lgo5So5dtw+f0JgJX30KCNI8gwhz2J9A15wD0Ml6tjHKwf6fTSa6fAdVBdZeNOs9eJ71qCk8vA==

supports-color@^5.3.0:
  version "5.5.0"
  resolved "https://registry.yarnpkg.com/supports-color/-/supports-color-5.5.0.tgz#e2e69a44ac8772f78a1ec0b35b689df6530efc8f"
  integrity sha512-QjVjwdXIt408MIiAqCX4oUKsgU2EqAGzs2Ppkm4aQYbjm+ZEWEcW4SfFNTr4uMNZma0ey4f5lgLrkB0aX0QMow==
  dependencies:
    has-flag "^3.0.0"

unicode-canonical-property-names-ecmascript@^1.0.4:
  version "1.0.4"
  resolved "https://registry.yarnpkg.com/unicode-canonical-property-names-ecmascript/-/unicode-canonical-property-names-ecmascript-1.0.4.tgz#2619800c4c825800efdd8343af7dd9933cbe2818"
  integrity sha512-jDrNnXWHd4oHiTZnx/ZG7gtUTVp+gCcTTKr8L0HjlwphROEW3+Him+IpvC+xcJEFegapiMZyZe02CyuOnRmbnQ==

unicode-match-property-ecmascript@^1.0.4:
  version "1.0.4"
  resolved "https://registry.yarnpkg.com/unicode-match-property-ecmascript/-/unicode-match-property-ecmascript-1.0.4.tgz#8ed2a32569961bce9227d09cd3ffbb8fed5f020c"
  integrity sha512-L4Qoh15vTfntsn4P1zqnHulG0LdXgjSO035fEpdtp6YxXhMT51Q6vgM5lYdG/5X3MjS+k/Y9Xw4SFCY9IkR0rg==
  dependencies:
    unicode-canonical-property-names-ecmascript "^1.0.4"
    unicode-property-aliases-ecmascript "^1.0.4"

unicode-match-property-value-ecmascript@^1.2.0:
  version "1.2.0"
  resolved "https://registry.yarnpkg.com/unicode-match-property-value-ecmascript/-/unicode-match-property-value-ecmascript-1.2.0.tgz#0d91f600eeeb3096aa962b1d6fc88876e64ea531"
  integrity sha512-wjuQHGQVofmSJv1uVISKLE5zO2rNGzM/KCYZch/QQvez7C1hUhBIuZ701fYXExuufJFMPhv2SyL8CyoIfMLbIQ==

unicode-property-aliases-ecmascript@^1.0.4:
  version "1.1.0"
  resolved "https://registry.yarnpkg.com/unicode-property-aliases-ecmascript/-/unicode-property-aliases-ecmascript-1.1.0.tgz#dd57a99f6207bedff4628abefb94c50db941c8f4"
  integrity sha512-PqSoPh/pWetQ2phoj5RLiaqIk4kCNwoV3CI+LfGmWLKI3rE3kl1h59XpX2BjgDrmbxD9ARtQobPGU1SguCYuQg==
